version = 1
requires-python = ">=3.8"

[[package]]
name = "asttokens"
version = "2.4.1"
source = { registry = "https://pypi.org/simple" }
dependencies = [
    { name = "six" },
]
sdist = { url = "https://files.pythonhosted.org/packages/45/1d/f03bcb60c4a3212e15f99a56085d93093a497718adf828d050b9d675da81/asttokens-2.4.1.tar.gz", hash = "sha256:b03869718ba9a6eb027e134bfdf69f38a236d681c83c160d510768af11254ba0", size = 62284 }
wheels = [
    { url = "https://files.pythonhosted.org/packages/45/86/4736ac618d82a20d87d2f92ae19441ebc7ac9e7a581d7e58bbe79233b24a/asttokens-2.4.1-py2.py3-none-any.whl", hash = "sha256:051ed49c3dcae8913ea7cd08e46a606dba30b79993209636c4875bc1d637bc24", size = 27764 },
]

[[package]]
name = "attrs"
version = "24.3.0"
source = { registry = "https://pypi.org/simple" }
sdist = { url = "https://files.pythonhosted.org/packages/48/c8/6260f8ccc11f0917360fc0da435c5c9c7504e3db174d5a12a1494887b045/attrs-24.3.0.tar.gz", hash = "sha256:8f5c07333d543103541ba7be0e2ce16eeee8130cb0b3f9238ab904ce1e85baff", size = 805984 }
wheels = [
    { url = "https://files.pythonhosted.org/packages/89/aa/ab0f7891a01eeb2d2e338ae8fecbe57fcebea1a24dbb64d45801bfab481d/attrs-24.3.0-py3-none-any.whl", hash = "sha256:ac96cd038792094f438ad1f6ff80837353805ac950cd2aa0e0625ef19850c308", size = 63397 },
]

[[package]]
name = "cyclopts"
version = "2.9.9"
source = { registry = "https://pypi.org/simple" }
dependencies = [
    { name = "attrs" },
    { name = "docstring-parser", marker = "python_full_version < '4.0'" },
    { name = "importlib-metadata", marker = "python_full_version < '3.10'" },
    { name = "rich" },
    { name = "rich-rst" },
    { name = "typing-extensions", marker = "python_full_version < '4.0'" },
]
sdist = { url = "https://files.pythonhosted.org/packages/61/b6/51022d8b673087262c4bcd1e64c1db3a8ab01510033f7f82a561998e3499/cyclopts-2.9.9.tar.gz", hash = "sha256:11d7bb59be253329ff49a1b9a634676c7ae708605d4975090783b99d081c1a0b", size = 45179 }
wheels = [
    { url = "https://files.pythonhosted.org/packages/08/7c/f1af5b44f581df05009ecc9b15395532fc18c7aa7292b5e98501af25c2db/cyclopts-2.9.9-py3-none-any.whl", hash = "sha256:d0ce956c70f3070e5bc16824ecb5ebba155be45ef4aadbb78ac4753dd99367e3", size = 51062 },
]

[[package]]
name = "dll-pack-builder"
version = "0.1.0"
source = { virtual = "." }
dependencies = [
    { name = "cyclopts" },
    { name = "globre" },
    { name = "lief" },
    { name = "pefile" },
    { name = "pylddwrap" },
]

[package.dependency-groups]
dev = [
    { name = "ruff" },
]

[package.metadata]
requires-dist = [
    { name = "cyclopts", specifier = ">=2.9.9" },
    { name = "globre", specifier = ">=0.1.5" },
    { name = "lief", specifier = ">=0.12.3" },
    { name = "pefile", specifier = ">=2024.8.26" },
    { name = "pylddwrap", specifier = ">=1.2.2" },
]

[package.metadata.dependency-groups]
dev = [{ name = "ruff", specifier = ">=0.7.0" }]

[[package]]
name = "docstring-parser"
version = "0.16"
source = { registry = "https://pypi.org/simple" }
sdist = { url = "https://files.pythonhosted.org/packages/08/12/9c22a58c0b1e29271051222d8906257616da84135af9ed167c9e28f85cb3/docstring_parser-0.16.tar.gz", hash = "sha256:538beabd0af1e2db0146b6bd3caa526c35a34d61af9fd2887f3a8a27a739aa6e", size = 26565 }
wheels = [
    { url = "https://files.pythonhosted.org/packages/d5/7c/e9fcff7623954d86bdc17782036cbf715ecab1bec4847c008557affe1ca8/docstring_parser-0.16-py3-none-any.whl", hash = "sha256:bf0a1387354d3691d102edef7ec124f219ef639982d096e26e3b60aeffa90637", size = 36533 },
]

[[package]]
name = "docutils"
version = "0.20.1"
source = { registry = "https://pypi.org/simple" }
sdist = { url = "https://files.pythonhosted.org/packages/1f/53/a5da4f2c5739cf66290fac1431ee52aff6851c7c8ffd8264f13affd7bcdd/docutils-0.20.1.tar.gz", hash = "sha256:f08a4e276c3a1583a86dce3e34aba3fe04d02bba2dd51ed16106244e8a923e3b", size = 2058365 }
wheels = [
    { url = "https://files.pythonhosted.org/packages/26/87/f238c0670b94533ac0353a4e2a1a771a0cc73277b88bff23d3ae35a256c1/docutils-0.20.1-py3-none-any.whl", hash = "sha256:96f387a2c5562db4476f09f13bbab2192e764cac08ebbf3a34a95d9b1e4a59d6", size = 572666 },
]

[[package]]
name = "globre"
version = "0.1.5"
source = { registry = "https://pypi.org/simple" }
sdist = { url = "https://files.pythonhosted.org/packages/5a/ce/a9e2f3317a458f8c591a1f95d4061d4e241f529ba678292acdcf2d804783/globre-0.1.5.tar.gz", hash = "sha256:ee214204f237e9114b8f61eeb61c2abd1e665ca3b59e5a6a0b070971c0bb12e2", size = 20388 }

[[package]]
name = "icontract"
version = "2.7.1"
source = { registry = "https://pypi.org/simple" }
dependencies = [
    { name = "asttokens" },
    { name = "typing-extensions" },
]
sdist = { url = "https://files.pythonhosted.org/packages/3d/d9/3c2a6656faf40ce30ead1bffbcf413db6aa5695dcd9a187eca291cc027d9/icontract-2.7.1.tar.gz", hash = "sha256:2e8196754743bd1a3659d66da2ddf1dc0950d01e535c2933bd997b02c6412a03", size = 64828 }
wheels = [
    { url = "https://files.pythonhosted.org/packages/ae/11/26fcfa5ef974447521194a1298bff77b029f6d0e6e27587faefb5b68c398/icontract-2.7.1-py3-none-any.whl", hash = "sha256:aac4073aebb117f16dcb73b8496209a247fc6b153f203a0648d1065ff8bb81af", size = 39531 },
]

[[package]]
name = "importlib-metadata"
version = "6.7.0"
source = { registry = "https://pypi.org/simple" }
dependencies = [
    { name = "zipp" },
]
sdist = { url = "https://files.pythonhosted.org/packages/a3/82/f6e29c8d5c098b6be61460371c2c5591f4a335923639edec43b3830650a4/importlib_metadata-6.7.0.tar.gz", hash = "sha256:1aaf550d4f73e5d6783e7acb77aec43d49da8017410afae93822cc9cca98c4d4", size = 53569 }
wheels = [
    { url = "https://files.pythonhosted.org/packages/ff/94/64287b38c7de4c90683630338cf28f129decbba0a44f0c6db35a873c73c4/importlib_metadata-6.7.0-py3-none-any.whl", hash = "sha256:cb52082e659e97afc5dac71e79de97d8681de3aa07ff18578330904a9d18e5b5", size = 22934 },
]

[[package]]
name = "lief"
version = "0.12.3"
source = { registry = "https://pypi.org/simple" }
sdist = { url = "https://files.pythonhosted.org/packages/1d/dd/aa35890be9a0481c0e6b3c0c837055cdbd1b7f24d00274de3d8b4e179bc3/lief-0.12.3.zip", hash = "sha256:62e81d2f1a827d43152aed12446a604627e8833493a51dca027026eed0ce7128", size = 16185043 }
wheels = [
    { url = "https://files.pythonhosted.org/packages/32/87/c4a4cdfd59c009022c8132608b1caf3c941440fb82cb2b9ad7320d9f1572/lief-0.12.3-cp310-cp310-macosx_10_14_arm64.whl", hash = "sha256:66724f337e6a36cea1a9380f13b59923f276c49ca837becae2e7be93a2e245d9", size = 3171247 },
    { url = "https://files.pythonhosted.org/packages/e6/5b/5b363ff0deafde1fd6ca7a74886a1f459541db50b84508c305b01ddcc2e4/lief-0.12.3-cp310-cp310-macosx_10_14_x86_64.whl", hash = "sha256:6d18aafa2028587c98f6d4387bec94346e92f2b5a8a5002f70b1cf35b1c045cc", size = 3342984 },
    { url = "https://files.pythonhosted.org/packages/ab/54/7acaa3129e6b0c29687ec6814b7f70b3dfdb2c4fbeee5d98af40ba6fa384/lief-0.12.3-cp310-cp310-macosx_11_0_arm64.whl", hash = "sha256:d4f69d125caaa8d5ddb574f29cc83101e165ebea1a9f18ad042eb3544081a797", size = 3171245 },
    { url = "https://files.pythonhosted.org/packages/a2/4e/e39daf4f553e1764e2632ab34c5ef22ffdb99906097a941de338d7adef31/lief-0.12.3-cp310-cp310-manylinux_2_17_x86_64.manylinux2014_x86_64.whl", hash = "sha256:c078d6230279ffd3bca717c79664fb8368666f610b577deb24b374607936e9c1", size = 4185896 },
    { url = "https://files.pythonhosted.org/packages/c2/9b/d88cac9fb437eb6df1131be1c31283d58ef673ebcf40610975ba091123e1/lief-0.12.3-cp310-cp310-win32.whl", hash = "sha256:e3a6af926532d0aac9e7501946134513d63217bacba666e6f7f5a0b7e15ba236", size = 3839646 },
    { url = "https://files.pythonhosted.org/packages/5e/2a/5a4d7a5e01de00440d8227bebac2cbd081ea86130856eeb5ddefe85ea43c/lief-0.12.3-cp310-cp310-win_amd64.whl", hash = "sha256:0750b72e3aa161e1fb0e2e7f571121ae05d2428aafd742ff05a7656ad2288447", size = 4850952 },
    { url = "https://files.pythonhosted.org/packages/df/5d/47cc8fbaa3dafd8d0fe6364c9a07f83fae54fece59622fd0790332c5ab7d/lief-0.12.3-cp311-cp311-macosx_10_14_arm64.whl", hash = "sha256:b5c123cb99a7879d754c059e299198b34e7e30e3b64cf22e8962013db0099f47", size = 3171323 },
    { url = "https://files.pythonhosted.org/packages/02/b2/832237b6a1281ad47b9534f9268610767ac8be63e8d7bef00002ab0336a5/lief-0.12.3-cp311-cp311-macosx_10_14_x86_64.whl", hash = "sha256:8bc58fa26a830df6178e36f112cb2bbdd65deff593f066d2d51434ff78386ba5", size = 3342812 },
    { url = "https://files.pythonhosted.org/packages/30/c2/dd3dc468066fca07e2ced23252463c70c6584e75b71c77a7348a0feead75/lief-0.12.3-cp311-cp311-macosx_11_0_arm64.whl", hash = "sha256:74ac6143ac6ccd813c9b068d9c5f1f9d55c8813c8b407387eb57de01c3db2d74", size = 3171321 },
    { url = "https://files.pythonhosted.org/packages/9c/e4/b363b84e8b8bd38d7b6c3521b8c2ec3ed86f583a147b7ec37dbb11528a3c/lief-0.12.3-cp311-cp311-manylinux_2_17_x86_64.manylinux2014_x86_64.whl", hash = "sha256:04eb6b70d646fb5bd6183575928ee23715550f161f2832cbcd8c6ff2071fb408", size = 4185383 },
    { url = "https://files.pythonhosted.org/packages/92/af/4dce4f24b636cb93d528abc6da66ddedccccae5c253e8e750402a10995a8/lief-0.12.3-cp311-cp311-win32.whl", hash = "sha256:7e2d0a53c403769b04adcf8df92e83c5e25f9103a052aa7f17b0a9cf057735fb", size = 3923504 },
    { url = "https://files.pythonhosted.org/packages/33/08/a0c3837b55ec55cfdb7338efb31947ff55528267dc6f8a086a529d93e62e/lief-0.12.3-cp311-cp311-win_amd64.whl", hash = "sha256:7f6395c12ee1bc4a5162f567cba96d0c72dfb660e7902e84d4f3029daf14fe33", size = 4969949 },
    { url = "https://files.pythonhosted.org/packages/26/b4/4ed34cc6a815b5fc5c82fe093fb6d4d409449bf390ac0b755c91f3de1d9e/lief-0.12.3-cp38-cp38-macosx_10_14_x86_64.whl", hash = "sha256:54d6a45e01260b9c8bf1c99f58257cff5338aee5c02eacfeee789f9d15cf38c6", size = 3342629 },
    { url = "https://files.pythonhosted.org/packages/7d/0c/253df124689cad6b33e56e6767982f3db2b7861feaaf7d60a65c85e226b4/lief-0.12.3-cp38-cp38-manylinux2014_aarch64.whl", hash = "sha256:4501dc399fb15dc7a3c8df4a76264a86be6d581d99098dafc3a67626149d8ff1", size = 4133519 },
    { url = "https://files.pythonhosted.org/packages/3a/cf/a6ddb755d7f38cd69ca1dd8d7720963cd2f9ff0b15ec9e5ae175910add51/lief-0.12.3-cp38-cp38-manylinux_2_17_x86_64.manylinux2014_x86_64.whl", hash = "sha256:c848aadac0816268aeb9dde7cefdb54bf24f78e664a19e97e74c92d3be1bb147", size = 4186124 },
    { url = "https://files.pythonhosted.org/packages/5a/d7/6bb7adae830602ad9dba1e95bcf18f88e08ebdf16fa533539762600a6aee/lief-0.12.3-cp38-cp38-win32.whl", hash = "sha256:d7e35f9ee9dd6e79add3b343f83659b71c05189e5cb224e02a1902ddc7654e96", size = 3833602 },
    { url = "https://files.pythonhosted.org/packages/78/d0/1f73d28f710c9fa5dff05d357088cc0b331341c11dc4669fc5808cee8657/lief-0.12.3-cp38-cp38-win_amd64.whl", hash = "sha256:b00667257b43e93d94166c959055b6147d46d302598f3ee55c194b40414c89cc", size = 4840181 },
    { url = "https://files.pythonhosted.org/packages/00/c3/a4fc8d9afd0205a5337327f2c0e6e703380d03b9c11f9504f0255e64c95d/lief-0.12.3-cp39-cp39-macosx_10_14_arm64.whl", hash = "sha256:e6a1b5b389090d524621c2455795e1262f62dc9381bedd96f0cd72b878c4066d", size = 3171610 },
    { url = "https://files.pythonhosted.org/packages/49/b4/46bf4f7b9a450b5aec14a8927c7964a97ce88c333045d1c3cc7c85da09ab/lief-0.12.3-cp39-cp39-macosx_10_14_x86_64.whl", hash = "sha256:ae773196df814202c0c51056163a1478941b299512b09660a3c37be3c7fac81e", size = 3343139 },
    { url = "https://files.pythonhosted.org/packages/3d/b1/d078062953b6d99a6e510f638952cac6bc750baadd3c87d1c7cc59443347/lief-0.12.3-cp39-cp39-macosx_11_0_arm64.whl", hash = "sha256:66ddf88917ec7b00752687c476bb2771dc8ec19bd7e4c0dcff1f8ef774cad4e9", size = 3171614 },
    { url = "https://files.pythonhosted.org/packages/be/0b/a04167a6f64c2dd3e7c4addef1c2a62889eae11336653ea0268037992981/lief-0.12.3-cp39-cp39-manylinux2014_aarch64.whl", hash = "sha256:4a47f410032c63ac3be051d963d0337d6b47f0e94bfe8e946ab4b6c428f4d0f8", size = 4142234 },
    { url = "https://files.pythonhosted.org/packages/22/8d/8a4a144d3181a6e4dbdf5dc9e51551bb3c7010a26ad9903c59bc95bc26d5/lief-0.12.3-cp39-cp39-manylinux_2_17_x86_64.manylinux2014_x86_64.whl", hash = "sha256:dbd11367c2259bd1131a6c8755dcde33314324de5ea029227bfbc7d3755871e6", size = 4199883 },
    { url = "https://files.pythonhosted.org/packages/a5/f8/a82c5a12f939d11066be6c63818c5f2f450d27cf92950015b7221b992b77/lief-0.12.3-cp39-cp39-win32.whl", hash = "sha256:2ce53e311918c3e5b54c815ef420a747208d2a88200c41cd476f3dd1eb876bcf", size = 3839981 },
    { url = "https://files.pythonhosted.org/packages/70/c4/5f4c2921e165a0d317690476853387b12919c8971679f7eaf6a15052ad1d/lief-0.12.3-cp39-cp39-win_amd64.whl", hash = "sha256:446e53ccf0ebd1616c5d573470662ff71ca6df3cd62ec1764e303764f3f03cca", size = 4849561 },
]

[[package]]
name = "markdown-it-py"
version = "2.2.0"
source = { registry = "https://pypi.org/simple" }
dependencies = [
    { name = "mdurl" },
]
sdist = { url = "https://files.pythonhosted.org/packages/e4/c0/59bd6d0571986f72899288a95d9d6178d0eebd70b6650f1bb3f0da90f8f7/markdown-it-py-2.2.0.tar.gz", hash = "sha256:7c9a5e412688bc771c67432cbfebcdd686c93ce6484913dccf06cb5a0bea35a1", size = 67120 }
wheels = [
    { url = "https://files.pythonhosted.org/packages/bf/25/2d88e8feee8e055d015343f9b86e370a1ccbec546f2865c98397aaef24af/markdown_it_py-2.2.0-py3-none-any.whl", hash = "sha256:5a35f8d1870171d9acc47b99612dc146129b631baf04970128b568f190d0cc30", size = 84466 },
]

[[package]]
name = "mdurl"
version = "0.1.2"
source = { registry = "https://pypi.org/simple" }
sdist = { url = "https://files.pythonhosted.org/packages/d6/54/cfe61301667036ec958cb99bd3efefba235e65cdeb9c84d24a8293ba1d90/mdurl-0.1.2.tar.gz", hash = "sha256:bb413d29f5eea38f31dd4754dd7377d4465116fb207585f97bf925588687c1ba", size = 8729 }
wheels = [
    { url = "https://files.pythonhosted.org/packages/b3/38/89ba8ad64ae25be8de66a6d463314cf1eb366222074cfda9ee839c56a4b4/mdurl-0.1.2-py3-none-any.whl", hash = "sha256:84008a41e51615a49fc9966191ff91509e3c40b939176e643fd50a5c2196b8f8", size = 9979 },
]

[[package]]
name = "pefile"
version = "2024.8.26"
source = { registry = "https://pypi.org/simple" }
sdist = { url = "https://files.pythonhosted.org/packages/03/4f/2750f7f6f025a1507cd3b7218691671eecfd0bbebebe8b39aa0fe1d360b8/pefile-2024.8.26.tar.gz", hash = "sha256:3ff6c5d8b43e8c37bb6e6dd5085658d658a7a0bdcd20b6a07b1fcfc1c4e9d632", size = 76008 }
wheels = [
    { url = "https://files.pythonhosted.org/packages/54/16/12b82f791c7f50ddec566873d5bdd245baa1491bac11d15ffb98aecc8f8b/pefile-2024.8.26-py3-none-any.whl", hash = "sha256:76f8b485dcd3b1bb8166f1128d395fa3d87af26360c2358fb75b80019b957c6f", size = 74766 },
]

[[package]]
name = "pygments"
version = "2.17.2"
source = { registry = "https://pypi.org/simple" }
sdist = { url = "https://files.pythonhosted.org/packages/55/59/8bccf4157baf25e4aa5a0bb7fa3ba8600907de105ebc22b0c78cfbf6f565/pygments-2.17.2.tar.gz", hash = "sha256:da46cec9fd2de5be3a8a784f434e4c4ab670b4ff54d605c4c2717e9d49c4c367", size = 4827772 }
wheels = [
    { url = "https://files.pythonhosted.org/packages/97/9c/372fef8377a6e340b1704768d20daaded98bf13282b5327beb2e2fe2c7ef/pygments-2.17.2-py3-none-any.whl", hash = "sha256:b27c2826c47d0f3219f29554824c30c5e8945175d888647acd804ddd04af846c", size = 1179756 },
]

[[package]]
name = "pylddwrap"
version = "1.2.2"
source = { registry = "https://pypi.org/simple" }
dependencies = [
    { name = "icontract" },
    { name = "typing-extensions" },
]
sdist = { url = "https://files.pythonhosted.org/packages/c9/12/4afd6542c43cd20271f0e53bf0211decc10079a76a41e53c0288025a7b85/pylddwrap-1.2.2.tar.gz", hash = "sha256:a70437fea7bca647c0e98161e1006ef49970267999c571b499760f1c43c6ba10", size = 22962 }

[[package]]
name = "rich"
version = "13.8.1"
source = { registry = "https://pypi.org/simple" }
dependencies = [
    { name = "markdown-it-py" },
    { name = "pygments" },
    { name = "typing-extensions", marker = "python_full_version < '3.9'" },
]
sdist = { url = "https://files.pythonhosted.org/packages/92/76/40f084cb7db51c9d1fa29a7120717892aeda9a7711f6225692c957a93535/rich-13.8.1.tar.gz", hash = "sha256:8260cda28e3db6bf04d2d1ef4dbc03ba80a824c88b0e7668a0f23126a424844a", size = 222080 }
wheels = [
    { url = "https://files.pythonhosted.org/packages/b0/11/dadb85e2bd6b1f1ae56669c3e1f0410797f9605d752d68fb47b77f525b31/rich-13.8.1-py3-none-any.whl", hash = "sha256:1760a3c0848469b97b558fc61c85233e3dafb69c7a071b4d60c38099d3cd4c06", size = 241608 },
]

[[package]]
name = "rich-rst"
version = "1.3.1"
source = { registry = "https://pypi.org/simple" }
dependencies = [
    { name = "docutils" },
    { name = "rich" },
]
sdist = { url = "https://files.pythonhosted.org/packages/b0/69/5514c3a87b5f10f09a34bb011bc0927bc12c596c8dae5915604e71abc386/rich_rst-1.3.1.tar.gz", hash = "sha256:fad46e3ba42785ea8c1785e2ceaa56e0ffa32dbe5410dec432f37e4107c4f383", size = 13839 }
wheels = [
    { url = "https://files.pythonhosted.org/packages/fd/bc/cc4e3dbc5e7992398dcb7a8eda0cbcf4fb792a0cdb93f857b478bf3cf884/rich_rst-1.3.1-py3-none-any.whl", hash = "sha256:498a74e3896507ab04492d326e794c3ef76e7cda078703aa592d1853d91098c1", size = 11621 },
]

[[package]]
name = "ruff"
version = "0.7.0"
source = { registry = "https://pypi.org/simple" }
sdist = { url = "https://files.pythonhosted.org/packages/2c/c7/f3367d1da5d568192968c5c9e7f3d51fb317b9ac04828493b23d8fce8ce6/ruff-0.7.0.tar.gz", hash = "sha256:47a86360cf62d9cd53ebfb0b5eb0e882193fc191c6d717e8bef4462bc3b9ea2b", size = 3146645 }
wheels = [
    { url = "https://files.pythonhosted.org/packages/48/59/a0275a0913f3539498d116046dd679cd657fe3b7caf5afe1733319414932/ruff-0.7.0-py3-none-linux_armv6l.whl", hash = "sha256:0cdf20c2b6ff98e37df47b2b0bd3a34aaa155f59a11182c1303cce79be715628", size = 10434007 },
    { url = "https://files.pythonhosted.org/packages/cd/94/da0ba5f956d04c90dd899209904210600009dcda039ce840d83eb4298c7d/ruff-0.7.0-py3-none-macosx_10_12_x86_64.whl", hash = "sha256:496494d350c7fdeb36ca4ef1c9f21d80d182423718782222c29b3e72b3512737", size = 10048066 },
    { url = "https://files.pythonhosted.org/packages/57/1d/e5cc149ecc46e4f203403a79ccd170fad52d316f98b87d0f63b1945567db/ruff-0.7.0-py3-none-macosx_11_0_arm64.whl", hash = "sha256:214b88498684e20b6b2b8852c01d50f0651f3cc6118dfa113b4def9f14faaf06", size = 9711389 },
    { url = "https://files.pythonhosted.org/packages/05/67/fb7ea2c869c539725a16c5bc294e9aa34f8b1b6fe702f1d173a5da517c2b/ruff-0.7.0-py3-none-manylinux_2_17_aarch64.manylinux2014_aarch64.whl", hash = "sha256:630fce3fefe9844e91ea5bbf7ceadab4f9981f42b704fae011bb8efcaf5d84be", size = 10755174 },
    { url = "https://files.pythonhosted.org/packages/5f/f0/13703bc50536a0613ea3dce991116e5f0917a1f05528c6ab738b33c08d3f/ruff-0.7.0-py3-none-manylinux_2_17_armv7l.manylinux2014_armv7l.whl", hash = "sha256:211d877674e9373d4bb0f1c80f97a0201c61bcd1e9d045b6e9726adc42c156aa", size = 10196040 },
    { url = "https://files.pythonhosted.org/packages/99/c1/77b04ab20324ab03d333522ee55fb0f1c38e3ca0d326b4905f82ce6b6c70/ruff-0.7.0-py3-none-manylinux_2_17_i686.manylinux2014_i686.whl", hash = "sha256:194d6c46c98c73949a106425ed40a576f52291c12bc21399eb8f13a0f7073495", size = 11033684 },
    { url = "https://files.pythonhosted.org/packages/f2/97/f463334dc4efeea3551cd109163df15561c18a1c3ec13d51643740fd36ba/ruff-0.7.0-py3-none-manylinux_2_17_ppc64.manylinux2014_ppc64.whl", hash = "sha256:82c2579b82b9973a110fab281860403b397c08c403de92de19568f32f7178598", size = 11803700 },
    { url = "https://files.pythonhosted.org/packages/b4/f8/a31d40c4bb92933d376a53e7c5d0245d9b27841357e4820e96d38f54b480/ruff-0.7.0-py3-none-manylinux_2_17_ppc64le.manylinux2014_ppc64le.whl", hash = "sha256:9af971fe85dcd5eaed8f585ddbc6bdbe8c217fb8fcf510ea6bca5bdfff56040e", size = 11347848 },
    { url = "https://files.pythonhosted.org/packages/83/62/0c133b35ddaf91c65c30a56718b80bdef36bfffc35684d29e3a4878e0ea3/ruff-0.7.0-py3-none-manylinux_2_17_s390x.manylinux2014_s390x.whl", hash = "sha256:b641c7f16939b7d24b7bfc0be4102c56562a18281f84f635604e8a6989948914", size = 12480632 },
    { url = "https://files.pythonhosted.org/packages/46/96/464058dd1d980014fb5aa0a1254e78799efb3096fc7a4823cd66a1621276/ruff-0.7.0-py3-none-manylinux_2_17_x86_64.manylinux2014_x86_64.whl", hash = "sha256:d71672336e46b34e0c90a790afeac8a31954fd42872c1f6adaea1dff76fd44f9", size = 10941919 },
    { url = "https://files.pythonhosted.org/packages/a0/f7/bda37ec77986a435dde44e1f59374aebf4282a5fa9cf17735315b847141f/ruff-0.7.0-py3-none-musllinux_1_2_aarch64.whl", hash = "sha256:ab7d98c7eed355166f367597e513a6c82408df4181a937628dbec79abb2a1fe4", size = 10745519 },
    { url = "https://files.pythonhosted.org/packages/c2/33/5f77fc317027c057b61a848020a47442a1cbf12e592df0e41e21f4d0f3bd/ruff-0.7.0-py3-none-musllinux_1_2_armv7l.whl", hash = "sha256:1eb54986f770f49edb14f71d33312d79e00e629a57387382200b1ef12d6a4ef9", size = 10284872 },
    { url = "https://files.pythonhosted.org/packages/ff/50/98aec292bc9537f640b8d031c55f3414bf15b6ed13b3e943fed75ac927b9/ruff-0.7.0-py3-none-musllinux_1_2_i686.whl", hash = "sha256:dc452ba6f2bb9cf8726a84aa877061a2462afe9ae0ea1d411c53d226661c601d", size = 10600334 },
    { url = "https://files.pythonhosted.org/packages/f2/85/12607ae3201423a179b8cfadc7cb1e57d02cd0135e45bd0445acb4cef327/ruff-0.7.0-py3-none-musllinux_1_2_x86_64.whl", hash = "sha256:4b406c2dce5be9bad59f2de26139a86017a517e6bcd2688da515481c05a2cb11", size = 11017333 },
    { url = "https://files.pythonhosted.org/packages/d4/7f/3b85a56879e705d5f46ec14daf8a439fca05c3081720fe3dc3209100922d/ruff-0.7.0-py3-none-win32.whl", hash = "sha256:f6c968509f767776f524a8430426539587d5ec5c662f6addb6aa25bc2e8195ec", size = 8570962 },
    { url = "https://files.pythonhosted.org/packages/39/9f/c5ee2b40d377354dabcc23cff47eb299de4b4d06d345068f8f8cc1eadac8/ruff-0.7.0-py3-none-win_amd64.whl", hash = "sha256:ff4aabfbaaba880e85d394603b9e75d32b0693152e16fa659a3064a85df7fce2", size = 9365544 },
    { url = "https://files.pythonhosted.org/packages/89/8b/ee1509f60148cecba644aa718f6633216784302458340311898aaf0b1bed/ruff-0.7.0-py3-none-win_arm64.whl", hash = "sha256:10842f69c245e78d6adec7e1db0a7d9ddc2fff0621d730e61657b64fa36f207e", size = 8695763 },
]

[[package]]
name = "six"
version = "1.16.0"
source = { registry = "https://pypi.org/simple" }
sdist = { url = "https://files.pythonhosted.org/packages/71/39/171f1c67cd00715f190ba0b100d606d440a28c93c7714febeca8b79af85e/six-1.16.0.tar.gz", hash = "sha256:1e61c37477a1626458e36f7b1d82aa5c9b094fa4802892072e49de9c60c4c926", size = 34041 }
wheels = [
    { url = "https://files.pythonhosted.org/packages/d9/5a/e7c31adbe875f2abbb91bd84cf2dc52d792b5a01506781dbcf25c91daf11/six-1.16.0-py2.py3-none-any.whl", hash = "sha256:8abb2f1d86890a2dfb989f9a77cfcfd3e47c2a354b01111771326f8aa26e0254", size = 11053 },
]

[[package]]
name = "typing-extensions"
version = "4.12.2"
source = { registry = "https://pypi.org/simple" }
sdist = { url = "https://files.pythonhosted.org/packages/df/db/f35a00659bc03fec321ba8bce9420de607a1d37f8342eee1863174c69557/typing_extensions-4.12.2.tar.gz", hash = "sha256:1a7ead55c7e559dd4dee8856e3a88b41225abfe1ce8df57b7c13915fe121ffb8", size = 85321 }
wheels = [
    { url = "https://files.pythonhosted.org/packages/26/9f/ad63fc0248c5379346306f8668cda6e2e2e9c95e01216d2b8ffd9ff037d0/typing_extensions-4.12.2-py3-none-any.whl", hash = "sha256:04e5ca0351e0f3f85c6853954072df659d0d13fac324d0072316b67d7794700d", size = 37438 },
]

[[package]]
name = "zipp"
version = "3.15.0"
source = { registry = "https://pypi.org/simple" }
sdist = { url = "https://files.pythonhosted.org/packages/00/27/f0ac6b846684cecce1ee93d32450c45ab607f65c2e0255f0092032d91f07/zipp-3.15.0.tar.gz", hash = "sha256:112929ad649da941c23de50f356a2b5570c954b65150642bccdd66bf194d224b", size = 18454 }
wheels = [
    { url = "https://files.pythonhosted.org/packages/5b/fa/c9e82bbe1af6266adf08afb563905eb87cab83fde00a0a08963510621047/zipp-3.15.0-py3-none-any.whl", hash = "sha256:48904fc76a60e542af151aded95726c1a5c34ed43ab4134b597665c86d7ad556", size = 6758 },
]
